
Microsoft Visual Studio Solution File, Format Version 12.00
# Visual Studio Version 17
VisualStudioVersion = 17.6.33815.320
MinimumVisualStudioVersion = 10.0.40219.1
Project("{FAE04EC0-301F-11D3-BF4B-00C04F79EFBC}") = "Menu", "Menu.csproj", "{81E8968C-3498-4C4F-9B67-ED2A27DF597D}"
EndProject
Global
	GlobalSection(SolutionConfigurationPlatforms) = preSolution
		Debug|Any CPU = Debug|Any CPU
		Release|Any CPU = Release|Any CPU
	EndGlobalSection
	GlobalSection(ProjectConfigurationPlatforms) = postSolution
		{81E8968C-3498-4C4F-9B67-ED2A27DF597D}.Debug|Any CPU.ActiveCfg = Debug|Any CPU
		{81E8968C-3498-4C4F-9B67-ED2A27DF597D}.Debug|Any CPU.Build.0 = Debug|Any CPU
		{81E8968C-3498-4C4F-9B67-ED2A27DF597D}.Release|Any CPU.ActiveCfg = Release|Any CPU
		{81E8968C-3498-4C4F-9B67-ED2A27DF597D}.Release|Any CPU.Build.0 = Release|Any CPU
	EndGlobalSection
	GlobalSection(SolutionProperties) = preSolution
		HideSolutionNode = FALSE
	EndGlobalSection
	GlobalSection(ExtensibilityGlobals) = postSolution
		SolutionGuid = {A0DF6F21-CE0D-4AC8-9050-DE9A41840655}
	EndGlobalSection
EndGlobal
